
Microsoft Visual Studio Solution File, Format Version 12.00
# Visual Studio 14
VisualStudioVersion = 14.0.25420.1
MinimumVisualStudioVersion = 10.0.40219.1
Project("{FAE04EC0-301F-11D3-BF4B-00C04F79EFBC}") = "MyResftfullApp", "MyResftfullApp\MyResftfullApp.csproj", "{249BEC95-8B3C-4D95-85AE-48B5232221EC}"
EndProject
Project("{2150E333-8FDC-42A3-9474-1A3956D46DE8}") = "TestsUnitarios", "TestsUnitarios", "{7A2D992E-594E-44CF-8B30-31EC95E55434}"
EndProject
Project("{2150E333-8FDC-42A3-9474-1A3956D46DE8}") = "TestsIntegracion", "TestsIntegracion", "{F2542371-7810-4C25-A04F-06312125BD48}"
	ProjectSection(SolutionItems) = preProject
		..\..\..\..\Desktop\MyRestfullApp.postman_collection.json = ..\..\..\..\Desktop\MyRestfullApp.postman_collection.json
		..\..\..\..\Desktop\MyRestfullApp.postman_environment.json = ..\..\..\..\Desktop\MyRestfullApp.postman_environment.json
	EndProjectSection
EndProject
Project("{FAE04EC0-301F-11D3-BF4B-00C04F79EFBC}") = "MyResftfullAppTests", "MyResftfullAppTests\MyResftfullAppTests.csproj", "{685D64D8-83E3-4906-BE48-BCF1CC9C6396}"
EndProject
Global
	GlobalSection(SolutionConfigurationPlatforms) = preSolution
		Debug|Any CPU = Debug|Any CPU
		Release|Any CPU = Release|Any CPU
	EndGlobalSection
	GlobalSection(ProjectConfigurationPlatforms) = postSolution
		{249BEC95-8B3C-4D95-85AE-48B5232221EC}.Debug|Any CPU.ActiveCfg = Debug|Any CPU
		{249BEC95-8B3C-4D95-85AE-48B5232221EC}.Debug|Any CPU.Build.0 = Debug|Any CPU
		{249BEC95-8B3C-4D95-85AE-48B5232221EC}.Release|Any CPU.ActiveCfg = Release|Any CPU
		{249BEC95-8B3C-4D95-85AE-48B5232221EC}.Release|Any CPU.Build.0 = Release|Any CPU
		{685D64D8-83E3-4906-BE48-BCF1CC9C6396}.Debug|Any CPU.ActiveCfg = Debug|Any CPU
		{685D64D8-83E3-4906-BE48-BCF1CC9C6396}.Debug|Any CPU.Build.0 = Debug|Any CPU
		{685D64D8-83E3-4906-BE48-BCF1CC9C6396}.Release|Any CPU.ActiveCfg = Release|Any CPU
		{685D64D8-83E3-4906-BE48-BCF1CC9C6396}.Release|Any CPU.Build.0 = Release|Any CPU
	EndGlobalSection
	GlobalSection(SolutionProperties) = preSolution
		HideSolutionNode = FALSE
	EndGlobalSection
	GlobalSection(NestedProjects) = preSolution
		{685D64D8-83E3-4906-BE48-BCF1CC9C6396} = {7A2D992E-594E-44CF-8B30-31EC95E55434}
	EndGlobalSection
EndGlobal
